[[package]]
name = "arrow"
version = "1.2.3"
description = "Better dates & times for Python"
category = "main"
optional = false
python-versions = ">=3.6"

[package.dependencies]
python-dateutil = ">=2.7.0"

[[package]]
name = "asgiref"
version = "3.6.0"
description = "ASGI specs, helper code, and adapters"
category = "main"
optional = false
python-versions = ">=3.7"

[package.extras]
tests = ["pytest", "pytest-asyncio", "mypy (>=0.800)"]

[[package]]
name = "attrs"
version = "22.2.0"
description = "Classes Without Boilerplate"
category = "main"
optional = false
python-versions = ">=3.6"

[package.extras]
cov = ["attrs", "coverage-enable-subprocess", "coverage[toml] (>=5.3)"]
dev = ["attrs"]
docs = ["furo", "sphinx", "myst-parser", "zope.interface", "sphinx-notfound-page", "sphinxcontrib-towncrier", "towncrier"]
tests = ["attrs", "zope.interface"]
tests-no-zope = ["hypothesis", "pympler", "pytest (>=4.3.0)", "pytest-xdist", "cloudpickle", "mypy (>=0.971,<0.990)", "pytest-mypy-plugins"]
tests_no_zope = ["hypothesis", "pympler", "pytest (>=4.3.0)", "pytest-xdist", "cloudpickle", "mypy (>=0.971,<0.990)", "pytest-mypy-plugins"]

[[package]]
name = "beautifulsoup4"
version = "4.12.0"
description = "Screen-scraping library"
category = "main"
optional = false
python-versions = ">=3.6.0"

[package.dependencies]
soupsieve = ">1.2"

[package.extras]
html5lib = ["html5lib"]
lxml = ["lxml"]

[[package]]
name = "black"
version = "22.12.0"
description = "The uncompromising code formatter."
category = "dev"
optional = false
python-versions = ">=3.7"

[package.dependencies]
click = ">=8.0.0"
mypy-extensions = ">=0.4.3"
pathspec = ">=0.9.0"
platformdirs = ">=2"

[package.extras]
colorama = ["colorama (>=0.4.3)"]
d = ["aiohttp (>=3.7.4)"]
jupyter = ["ipython (>=7.8.0)", "tokenize-rt (>=3.2.0)"]
uvloop = ["uvloop (>=0.15.2)"]

[[package]]
name = "click"
version = "8.1.3"
description = "Composable command line interface toolkit"
category = "dev"
optional = false
python-versions = ">=3.7"

[package.dependencies]
colorama = {version = "*", markers = "platform_system == \"Windows\""}

[[package]]
name = "colorama"
version = "0.4.6"
description = "Cross-platform colored terminal text."
category = "dev"
optional = false
python-versions = "!=3.0.*,!=3.1.*,!=3.2.*,!=3.3.*,!=3.4.*,!=3.5.*,!=3.6.*,>=2.7"

[[package]]
name = "cssselect2"
version = "0.7.0"
description = "CSS selectors for Python ElementTree"
category = "main"
optional = false
python-versions = ">=3.7"

[package.dependencies]
tinycss2 = "*"
webencodings = "*"

[package.extras]
doc = ["sphinx", "sphinx-rtd-theme"]
test = ["pytest", "isort", "flake8"]

[[package]]
name = "defusedxml"
version = "0.7.1"
description = "XML bomb protection for Python stdlib modules"
category = "main"
optional = false
python-versions = ">=2.7, !=3.0.*, !=3.1.*, !=3.2.*, !=3.3.*, !=3.4.*"

[[package]]
name = "diff-match-patch"
version = "20200713"
description = "Repackaging of Google's Diff Match and Patch libraries. Offers robust algorithms to perform the operations required for synchronizing plain text."
category = "main"
optional = false
python-versions = ">=2.7"

[[package]]
name = "django"
version = "4.1.7"
description = "A high-level Python web framework that encourages rapid development and clean, pragmatic design."
category = "main"
optional = false
python-versions = ">=3.8"

[package.dependencies]
asgiref = ">=3.5.2,<4"
sqlparse = ">=0.2.2"
tzdata = {version = "*", markers = "sys_platform == \"win32\""}

[package.extras]
argon2 = ["argon2-cffi (>=19.1.0)"]
bcrypt = ["bcrypt"]

[[package]]
name = "django-appconf"
version = "1.0.5"
description = "A helper class for handling configuration defaults of packaged apps gracefully."
category = "main"
optional = false
python-versions = ">=3.6"

[package.dependencies]
django = "*"

[[package]]
name = "django-bootstrap-v5"
version = "1.0.11"
description = "Bootstrap 5 support for Django projects"
category = "main"
optional = false
python-versions = ">=3.6,<4.0"

[package.dependencies]
beautifulsoup4 = ">=4.8.0,<5.0.0"
django = ">=2.2,<5.0"

[package.extras]
docs = ["sphinx (>=4.4,<5.0)", "sphinx_rtd_theme (>=1.0,<2.0)", "m2r2 (>=0.2.5,<0.3.0)"]

[[package]]
name = "django-ckeditor"
version = "6.5.1"
description = "Django admin CKEditor integration."
category = "main"
optional = false
python-versions = ">=3.8"

[package.dependencies]
Django = ">=3.2"
django-js-asset = ">=2.0"

[[package]]
name = "django-classy-tags"
version = "4.0.0"
description = "Class based template tags for Django"
category = "main"
optional = false
python-versions = ">=3.7"

[package.dependencies]
django = ">=3.2"

[[package]]
name = "django-cms"
version = "3.11.1"
description = "Lean enterprise content management powered by Django."
category = "main"
optional = false
python-versions = ">=3.7"

[package.dependencies]
Django = ">=2.2,<5.0"
django-classy-tags = ">=0.7.2"
django-formtools = ">=2.1"
django-sekizai = ">=0.7"
django-treebeard = ">=4.3"
djangocms-admin-style = ">=1.2"

[[package]]
name = "django-compressor"
version = "4.3.1"
description = "('Compresses linked and inline JavaScript or CSS into single cached files.',)"
category = "main"
optional = false
python-versions = "*"

[package.dependencies]
django-appconf = ">=1.0.3"
rcssmin = "1.1.1"
rjsmin = "1.2.1"

[[package]]
name = "django-filer"
version = "2.2.4"
description = "A file management application for django that makes handling of files and images a breeze."
category = "main"
optional = false
python-versions = ">=3.6"

[package.dependencies]
django = ">=2.2,<5"
django-mptt = "*"
django-polymorphic = "*"
easy-thumbnails = {version = "*", extras = ["svg"]}
Unidecode = ">=0.04,<1.2"

[[package]]
name = "django-formtools"
version = "2.4"
description = "A set of high-level abstractions for Django forms"
category = "main"
optional = false
python-versions = ">=3.6"

[package.dependencies]
Django = ">=2.2"

[[package]]
name = "django-import-export"
version = "3.1.0"
description = "Django application and library for importing and exporting data with included admin integration."
category = "main"
optional = false
python-versions = ">=3.7"

[package.dependencies]
diff-match-patch = "*"
Django = ">=3.2"
tablib = {version = ">=3.2.1", extras = ["html", "ods", "xls", "xlsx", "yaml"]}

[[package]]
name = "django-js-asset"
version = "2.0.0"
description = "script tag with additional attributes for django.forms.Media"
category = "main"
optional = false
python-versions = ">=3.6"

[package.dependencies]
Django = ">=2.2"

[package.extras]
tests = ["coverage"]

[[package]]
name = "django-mail-template"
version = "0.1.11"
description = "Application for creating mails templates with context variables. There is a double mapping between a mail template and process configuration so is possible to change used mail template of a process at run time."
category = "main"
optional = false
python-versions = "*"

[package.dependencies]
django-ckeditor = "*"

[[package]]
name = "django-mptt"
version = "0.14.0"
description = "Utilities for implementing Modified Preorder Tree Traversal with your Django Models and working with trees of Model instances."
category = "main"
optional = false
python-versions = ">=3.6"

[package.dependencies]
django-js-asset = "*"

[package.extras]
tests = ["coverage", "mock-django"]

[[package]]
name = "django-polymorphic"
version = "3.1.0"
description = "Seamless polymorphic inheritance for Django models"
category = "main"
optional = false
python-versions = "*"

[package.dependencies]
Django = ">=2.1"

[[package]]
name = "django-sass-processor"
version = "1.2.2"
description = "SASS processor to compile SCSS files into *.css, while rendering, or offline."
category = "main"
optional = false
python-versions = "*"

[package.extras]
management-command = ["django-compressor (>=2.4)"]

[[package]]
name = "django-sekizai"
version = "4.0.0"
description = "Django Sekizai"
category = "main"
optional = false
python-versions = ">=3.8"

[package.dependencies]
django = ">=3.2"
django-classy-tags = ">=3.0"

[[package]]
name = "django-treebeard"
version = "4.4"
description = "Efficient tree implementations for Django"
category = "main"
optional = false
python-versions = ">=3.6"

[package.dependencies]
Django = ">=2.2"

[[package]]
name = "djangocms-4-migration"
version = "0.0.1"
description = "A django CMS 3 to 4 migration package"
category = "main"
optional = false
python-versions = "*"

[[package]]
name = "djangocms-admin-style"
version = "3.2.3"
description = "Adds pretty CSS styles for the django CMS admin interface."
category = "main"
optional = false
python-versions = ">=3.7"

[[package]]
name = "djangocms-attributes-field"
version = "2.1.0"
description = "Adds attributes to Django models."
category = "main"
optional = false
python-versions = "*"

[package.dependencies]
django-cms = ">=3.7"
django-treebeard = ">=4.3,<4.5"

[[package]]
name = "djangocms-column"
version = "2.0.0"
description = "Column Plugin for django CMS"
category = "main"
optional = false
python-versions = ">=3.7"

[package.dependencies]
Django = ">=2.2"
django-cms = ">=3.8.0"

[[package]]
name = "djangocms-file"
version = "3.0.0"
description = "Adds file plugin to django CMS"
category = "main"
optional = false
python-versions = "*"

[package.dependencies]
django-cms = ">=3.7"
django-filer = ">=1.7"
djangocms-attributes-field = ">=1"

[[package]]
name = "djangocms-googlemap"
version = "2.0.0"
description = "Adds Google Maps plugins to django CMS."
category = "main"
optional = false
python-versions = "*"

[package.dependencies]
django-cms = ">=3.7"
django-filer = ">=1.7"

[[package]]
name = "djangocms-link"
version = "3.1.1"
description = "Adds a link plugin to django CMS"
category = "main"
optional = false
python-versions = "*"

[package.dependencies]
django-cms = ">=3.7"
django-filer = ">=1.7"
djangocms-attributes-field = ">=1"

[[package]]
name = "djangocms-picture"
version = "4.0.0"
description = "Adds an image plugin to django CMS"
category = "main"
optional = false
python-versions = "*"

[package.dependencies]
django-cms = ">=3.7"
django-filer = ">=1.7"
djangocms-attributes-field = ">=1"
easy-thumbnails = "*"

[[package]]
name = "djangocms-snippet"
version = "3.1.0"
description = "Adds snippet plugin to django CMS."
category = "main"
optional = false
python-versions = ">=3.5"

[package.dependencies]
django-cms = ">=3.7"
django-treebeard = ">=4.3,<4.5"

[package.extras]
static-ace = ["djangocms-static-ace"]

[[package]]
name = "djangocms-style"
version = "3.0.0"
description = "Adds style plugin to django CMS"
category = "main"
optional = false
python-versions = "*"

[package.dependencies]
django-cms = ">=3.7"
djangocms-attributes-field = ">=1"

[[package]]
name = "djangocms-text-ckeditor"
version = "5.1.2"
description = "Text Plugin for django CMS with CKEditor support"
category = "main"
optional = false
python-versions = ">=3.7"

[package.dependencies]
django-cms = ">=3.6"
html5lib = ">=1"
packaging = "*"
Pillow = "*"

[[package]]
name = "djangocms-video"
version = "3.0.0"
description = "Adds video plugin to django CMS."
category = "main"
optional = false
python-versions = "*"

[package.dependencies]
django-cms = ">=3.7"
django-filer = ">=1.7"
djangocms-attributes-field = ">=1"

[[package]]
name = "easy-thumbnails"
version = "2.8.5"
description = "Easy thumbnails for Django"
category = "main"
optional = false
python-versions = ">=3.6"

[package.dependencies]
django = ">=2.2"
pillow = "*"
reportlab = {version = "*", optional = true, markers = "extra == \"svg\""}
svglib = {version = "*", optional = true, markers = "extra == \"svg\""}

[package.extras]
svg = ["svglib", "reportlab"]

[[package]]
name = "et-xmlfile"
version = "1.1.0"
description = "An implementation of lxml.xmlfile for the standard library"
category = "main"
optional = false
python-versions = ">=3.6"

[[package]]
name = "gunicorn"
version = "20.1.0"
description = "WSGI HTTP Server for UNIX"
category = "main"
optional = true
python-versions = ">=3.5"

[package.extras]
eventlet = ["eventlet (>=0.24.1)"]
gevent = ["gevent (>=1.4.0)"]
setproctitle = ["setproctitle"]
tornado = ["tornado (>=0.2)"]

[[package]]
name = "html5lib"
version = "1.1"
description = "HTML parser based on the WHATWG HTML specification"
category = "main"
optional = false
python-versions = ">=2.7, !=3.0.*, !=3.1.*, !=3.2.*, !=3.3.*, !=3.4.*"

[package.dependencies]
six = ">=1.9"
webencodings = "*"

[package.extras]
all = ["genshi", "chardet (>=2.2)", "lxml"]
chardet = ["chardet (>=2.2)"]
genshi = ["genshi"]
lxml = ["lxml"]

[[package]]
name = "ics"
version = "0.7.2"
description = "Python icalendar (rfc5545) parser"
category = "main"
optional = false
python-versions = "*"

[package.dependencies]
arrow = ">=0.11"
attrs = ">=19.1.0"
python-dateutil = "*"
six = ">1.5"
tatsu = ">4.2"

[[package]]
name = "libsass"
version = "0.22.0"
description = "Sass for Python: A straightforward binding of libsass for Python."
category = "main"
optional = false
python-versions = ">=3.6"

[[package]]
name = "lxml"
version = "4.9.2"
description = "Powerful and Pythonic XML processing library combining libxml2/libxslt with the ElementTree API."
category = "main"
optional = false
python-versions = ">=2.7, !=3.0.*, !=3.1.*, !=3.2.*, !=3.3.*, != 3.4.*"

[package.extras]
cssselect = ["cssselect (>=0.7)"]
html5 = ["html5lib"]
htmlsoup = ["beautifulsoup4"]
source = ["Cython (>=0.29.7)"]

[[package]]
name = "markuppy"
version = "1.14"
description = "An HTML/XML generator"
category = "main"
optional = false
python-versions = "*"

[[package]]
name = "mypy-extensions"
version = "1.0.0"
description = "Type system extensions for programs checked with the mypy type checker."
category = "dev"
optional = false
python-versions = ">=3.5"

[[package]]
name = "odfpy"
version = "1.4.1"
description = "Python API and tools to manipulate OpenDocument files"
category = "main"
optional = false
python-versions = "*"

[package.dependencies]
defusedxml = "*"

[[package]]
name = "openpyxl"
version = "3.1.2"
description = "A Python library to read/write Excel 2010 xlsx/xlsm files"
category = "main"
optional = false
python-versions = ">=3.6"

[package.dependencies]
et-xmlfile = "*"

[[package]]
name = "packaging"
version = "23.0"
description = "Core utilities for Python packages"
category = "main"
optional = false
python-versions = ">=3.7"

[[package]]
name = "pathspec"
version = "0.11.1"
description = "Utility library for gitignore style pattern matching of file paths."
category = "dev"
optional = false
python-versions = ">=3.7"

[[package]]
name = "pillow"
version = "9.4.0"
description = "Python Imaging Library (Fork)"
category = "main"
optional = false
python-versions = ">=3.7"

[package.extras]
docs = ["furo", "olefile", "sphinx (>=2.4)", "sphinx-copybutton", "sphinx-inline-tabs", "sphinx-issues (>=3.0.1)", "sphinx-removed-in", "sphinxext-opengraph"]
tests = ["check-manifest", "coverage", "defusedxml", "markdown2", "olefile", "packaging", "pyroma", "pytest", "pytest-cov", "pytest-timeout"]

[[package]]
name = "platformdirs"
version = "3.1.1"
description = "A small Python package for determining appropriate platform-specific dirs, e.g. a \"user data dir\"."
category = "dev"
optional = false
python-versions = ">=3.7"

[package.extras]
docs = ["furo (>=2022.12.7)", "proselint (>=0.13)", "sphinx-autodoc-typehints (>=1.22,!=1.23.4)", "sphinx (>=6.1.3)"]
test = ["appdirs (==1.4.4)", "covdefaults (>=2.2.2)", "pytest-cov (>=4)", "pytest-mock (>=3.10)", "pytest (>=7.2.1)"]

[[package]]
name = "psycopg2-binary"
version = "2.9.5"
description = "psycopg2 - Python-PostgreSQL Database Adapter"
category = "main"
optional = true
python-versions = ">=3.6"

[[package]]
name = "python-dateutil"
version = "2.8.2"
description = "Extensions to the standard Python datetime module"
category = "main"
optional = false
python-versions = "!=3.0.*,!=3.1.*,!=3.2.*,>=2.7"

[package.dependencies]
six = ">=1.5"

[[package]]
name = "pyyaml"
version = "6.0"
description = "YAML parser and emitter for Python"
category = "main"
optional = false
python-versions = ">=3.6"

[[package]]
name = "rcssmin"
version = "1.1.1"
description = "CSS Minifier"
category = "main"
optional = false
python-versions = "*"

[[package]]
name = "reportlab"
version = "3.6.12"
description = "The Reportlab Toolkit"
category = "main"
optional = false
python-versions = ">=3.7,<4"

[package.dependencies]
pillow = ">=9.0.0"

[package.extras]
fttextpath = ["freetype-py (>=2.3.0,<2.4)"]
rlpycairo = ["rlPyCairo (>=0.1.0)"]

[[package]]
name = "rjsmin"
version = "1.2.1"
description = "Javascript Minifier"
category = "main"
optional = false
python-versions = "*"

[[package]]
name = "six"
version = "1.16.0"
description = "Python 2 and 3 compatibility utilities"
category = "main"
optional = false
python-versions = ">=2.7, !=3.0.*, !=3.1.*, !=3.2.*"

[[package]]
name = "soupsieve"
version = "2.4"
description = "A modern CSS selector implementation for Beautiful Soup."
category = "main"
optional = false
python-versions = ">=3.7"

[[package]]
name = "sqlparse"
version = "0.4.3"
description = "A non-validating SQL parser."
category = "main"
optional = false
python-versions = ">=3.5"

[[package]]
name = "svglib"
version = "1.5.1"
description = "A pure-Python library for reading and converting SVG"
category = "main"
optional = false
python-versions = ">=3.7"

[package.dependencies]
cssselect2 = ">=0.2.0"
lxml = "*"
reportlab = "*"
tinycss2 = ">=0.6.0"

[[package]]
name = "tablib"
version = "3.3.0"
description = "Format agnostic tabular data library (XLS, JSON, YAML, CSV)"
category = "main"
optional = false
python-versions = ">=3.7"

[package.dependencies]
markuppy = {version = "*", optional = true, markers = "extra == \"html\""}
odfpy = {version = "*", optional = true, markers = "extra == \"ods\""}
openpyxl = {version = ">=2.6.0", optional = true, markers = "extra == \"xlsx\""}
pyyaml = {version = "*", optional = true, markers = "extra == \"yaml\""}
xlrd = {version = "*", optional = true, markers = "extra == \"xls\""}
xlwt = {version = "*", optional = true, markers = "extra == \"xls\""}

[package.extras]
all = ["markuppy", "odfpy", "openpyxl (>=2.6.0)", "pandas", "pyyaml", "tabulate", "xlrd", "xlwt"]
cli = ["tabulate"]
html = ["markuppy"]
ods = ["odfpy"]
pandas = ["pandas"]
xls = ["xlrd", "xlwt"]
xlsx = ["openpyxl (>=2.6.0)"]
yaml = ["pyyaml"]

[[package]]
name = "tatsu"
version = "5.8.3"
description = "TatSu takes a grammar in a variation of EBNF as input, and outputs a memoizing PEG/Packrat parser in Python."
category = "main"
optional = false
python-versions = ">=3.8"

[package.extras]
future-regex = ["regex"]

[[package]]
name = "tinycss2"
version = "1.2.1"
description = "A tiny CSS parser"
category = "main"
optional = false
python-versions = ">=3.7"

[package.dependencies]
webencodings = ">=0.4"

[package.extras]
doc = ["sphinx", "sphinx-rtd-theme"]
test = ["pytest", "isort", "flake8"]

[[package]]
name = "tzdata"
version = "2022.7"
description = "Provider of IANA time zone data"
category = "main"
optional = false
python-versions = ">=2"

[[package]]
name = "unidecode"
version = "1.1.2"
description = "ASCII transliterations of Unicode text"
category = "main"
optional = false
python-versions = ">=2.7, !=3.0.*, !=3.1.*, !=3.2.*, !=3.3.*"

[[package]]
name = "webencodings"
version = "0.5.1"
description = "Character encoding aliases for legacy web content"
category = "main"
optional = false
python-versions = "*"

[[package]]
name = "xlrd"
version = "2.0.1"
description = "Library for developers to extract data from Microsoft Excel (tm) .xls spreadsheet files"
category = "main"
optional = false
python-versions = ">=2.7, !=3.0.*, !=3.1.*, !=3.2.*, !=3.3.*, !=3.4.*, !=3.5.*"

[package.extras]
build = ["wheel", "twine"]
docs = ["sphinx"]
test = ["pytest", "pytest-cov"]

[[package]]
name = "xlwt"
version = "1.3.0"
description = "Library to create spreadsheet files compatible with MS Excel 97/2000/XP/2003 XLS files, on any platform, with Python 2.6, 2.7, 3.3+"
category = "main"
optional = false
python-versions = "*"

[extras]
production = ["gunicorn", "psycopg2-binary"]

[metadata]
lock-version = "1.1"
python-versions = "^3.11"
content-hash = "82bd5a6d0394e82c5bca9656304cb5c391fc2a6da42228b4038e0e31f033a556"

[metadata.files]
arrow = []
asgiref = []
attrs = []
beautifulsoup4 = []
black = []
click = [
    {file = "click-8.1.3-py3-none-any.whl", hash = "sha256:bb4d8133cb15a609f44e8213d9b391b0809795062913b383c62be0ee95b1db48"},
    {file = "click-8.1.3.tar.gz", hash = "sha256:7682dc8afb30297001674575ea00d1814d808d6a36af415a82bd481d37ba7b8e"},
]
colorama = []
cssselect2 = []
defusedxml = []
diff-match-patch = []
django = []
django-appconf = []
django-bootstrap-v5 = []
django-ckeditor = []
django-classy-tags = []
django-cms = []
django-compressor = []
django-filer = []
django-formtools = []
django-import-export = []
django-js-asset = []
django-mail-template = []
django-mptt = []
django-polymorphic = []
django-sass-processor = []
django-sekizai = []
django-treebeard = []
djangocms-4-migration = []
djangocms-admin-style = []
djangocms-attributes-field = []
djangocms-column = []
djangocms-file = []
djangocms-googlemap = []
djangocms-link = []
djangocms-picture = []
djangocms-snippet = []
djangocms-style = []
djangocms-text-ckeditor = []
djangocms-video = []
easy-thumbnails = []
et-xmlfile = []
gunicorn = []
html5lib = []
ics = []
libsass = []
lxml = []
markuppy = []
mypy-extensions = []
odfpy = []
openpyxl = []
packaging = []
pathspec = []
pillow = []
platformdirs = []
psycopg2-binary = []
python-dateutil = [
    {file = "python-dateutil-2.8.2.tar.gz", hash = "sha256:0123cacc1627ae19ddf3c27a5de5bd67ee4586fbdd6440d9748f8abb483d3e86"},
    {file = "python_dateutil-2.8.2-py2.py3-none-any.whl", hash = "sha256:961d03dc3453ebbc59dbdea9e4e11c5651520a876d0f4db161e8674aae935da9"},
]
pyyaml = []
rcssmin = []
reportlab = []
rjsmin = []
six = [
    {file = "six-1.16.0-py2.py3-none-any.whl", hash = "sha256:8abb2f1d86890a2dfb989f9a77cfcfd3e47c2a354b01111771326f8aa26e0254"},
    {file = "six-1.16.0.tar.gz", hash = "sha256:1e61c37477a1626458e36f7b1d82aa5c9b094fa4802892072e49de9c60c4c926"},
]
soupsieve = []
sqlparse = []
svglib = []
tablib = []
tatsu = []
tinycss2 = []
tzdata = []
unidecode = []
webencodings = []
xlrd = []
xlwt = []
