[[package]]
category = "main"
description = "ASGI specs, helper code, and adapters"
name = "asgiref"
optional = false
python-versions = ">=3.5"
version = "3.2.10"

[package.extras]
tests = ["pytest", "pytest-asyncio"]

[[package]]
category = "main"
description = "A high-level Python Web framework that encourages rapid development and clean, pragmatic design."
name = "django"
optional = false
python-versions = ">=3.6"
version = "3.0.9"

[package.dependencies]
asgiref = ">=3.2,<4.0"
pytz = "*"
sqlparse = ">=0.2.2"

[package.extras]
argon2 = ["argon2-cffi (>=16.1.0)"]
bcrypt = ["bcrypt"]

[[package]]
category = "main"
description = "Class based template tags for Django"
name = "django-classy-tags"
optional = false
python-versions = "*"
version = "1.0.0"

[package.dependencies]
django = ">=1.11"
six = "*"

[[package]]
category = "main"
description = "An Advanced Django CMS"
name = "django-cms"
optional = false
python-versions = "*"
version = "3.7.4"

[package.dependencies]
Django = ">=1.11,<4"
django-classy-tags = ">=0.7.2"
django-formtools = ">=2.1"
django-sekizai = ">=0.7"
django-treebeard = ">=4.3"
djangocms-admin-style = ">=1.2"
six = "*"

[[package]]
category = "main"
description = "A file management application for django that makes handling of files and images a breeze."
name = "django-filer"
optional = false
python-versions = "*"
version = "1.7.1"

[package.dependencies]
Unidecode = ">=0.04,<1.2"
django = ">=1.11,<4.0"
django-mptt = ">=0.6,<1.0"
django_polymorphic = ">=0.7,<2.2"
easy-thumbnails = ">=2,<3.0"
six = "*"

[[package]]
category = "main"
description = "A set of high-level abstractions for Django forms"
name = "django-formtools"
optional = false
python-versions = "*"
version = "2.2"

[package.dependencies]
Django = ">=1.11"

[[package]]
category = "main"
description = "script tag with additional attributes for django.forms.Media"
name = "django-js-asset"
optional = false
python-versions = "*"
version = "1.2.2"

[[package]]
category = "main"
description = "Utilities for implementing Modified Preorder Tree Traversal with your Django Models and working with trees of Model instances."
name = "django-mptt"
optional = false
python-versions = ">=3.5"
version = "0.11.0"

[package.dependencies]
Django = ">=1.11"
django-js-asset = "*"

[[package]]
category = "main"
description = "Seamless polymorphic inheritance for Django models"
name = "django-polymorphic"
optional = false
python-versions = "*"
version = "2.1.2"

[package.dependencies]
Django = ">=1.11"

[[package]]
category = "main"
description = "Django Sekizai"
name = "django-sekizai"
optional = false
python-versions = "*"
version = "1.1.0"

[package.dependencies]
django = ">=1.11"
django-classy-tags = ">=0.9.0"
six = "*"

[[package]]
category = "main"
description = "Efficient tree implementations for Django"
name = "django-treebeard"
optional = false
python-versions = "*"
version = "4.3.1"

[package.dependencies]
Django = ">=1.8"

[[package]]
category = "main"
description = "Adds pretty CSS styles for the django CMS admin interface."
name = "djangocms-admin-style"
optional = false
python-versions = "*"
version = "1.5.0"

[[package]]
category = "main"
description = "Adds attributes to Django models."
name = "djangocms-attributes-field"
optional = false
python-versions = "*"
version = "1.2.0"

[package.dependencies]
django-cms = ">=3.4.5"

[[package]]
category = "main"
description = "Adds Bootstrap 4 components as plugins."
name = "djangocms-bootstrap4"
optional = false
python-versions = "*"
version = "1.6.0"

[package.dependencies]
django-cms = ">=3.4.5"
django-filer = ">=1.5.0"
djangocms-attributes-field = ">=0.4.0"
djangocms-icon = ">=1.4.0"
djangocms-link = ">=2.5.0"
djangocms-picture = ">=2.3.0"
djangocms-text-ckeditor = ">=3.1.0"

[[package]]
category = "main"
description = "Column Plugin for django CMS"
name = "djangocms-column"
optional = false
python-versions = "*"
version = "1.11.0"

[package.dependencies]
Django = ">=1.11,<=3.2"
django-cms = ">=3.4.5"
six = ">=1.9.0"

[[package]]
category = "main"
description = "Adds file plugin to django CMS"
name = "djangocms-file"
optional = false
python-versions = "*"
version = "2.4.0"

[package.dependencies]
django-cms = ">=3.4.5"
django-filer = ">=1.2.4"
djangocms-attributes-field = ">=0.4.0"

[[package]]
category = "main"
description = "Adds Google Maps plugins to django CMS."
name = "djangocms-googlemap"
optional = false
python-versions = "*"
version = "1.4.0"

[package.dependencies]
django-cms = ">=3.4.5"
django-filer = ">=1.3.0"

[[package]]
category = "main"
description = "Adds icon plugin to django CMS."
name = "djangocms-icon"
optional = false
python-versions = "*"
version = "1.5.0"

[package.dependencies]
django-cms = ">=3.4.5"
djangocms-attributes-field = ">=0.4.0"

[[package]]
category = "main"
description = "Adds a link plugin to django CMS"
name = "djangocms-link"
optional = false
python-versions = "*"
version = "2.6.1"

[package.dependencies]
django-cms = ">=3.4.5"
django-filer = ">=1.5.0"
djangocms-attributes-field = ">=0.4.0"

[[package]]
category = "main"
description = "Adds an image plugin to django CMS"
name = "djangocms-picture"
optional = false
python-versions = "*"
version = "2.4.0"

[package.dependencies]
django-cms = ">=3.4.5"
django-filer = ">=1.5.0"
djangocms-attributes-field = ">=0.4.0"
easy_thumbnails = "*"

[[package]]
category = "main"
description = "Adds snippet plugin to django CMS."
name = "djangocms-snippet"
optional = false
python-versions = "*"
version = "2.3.0"

[package.dependencies]
django-cms = ">=3.4.5"

[[package]]
category = "main"
description = "Adds style plugin to django CMS"
name = "djangocms-style"
optional = false
python-versions = "*"
version = "2.3.0"

[package.dependencies]
django-cms = ">=3.4.5"
djangocms-attributes-field = ">=0.4.0"

[[package]]
category = "main"
description = "Text Plugin for django CMS with CKEditor support"
name = "djangocms-text-ckeditor"
optional = false
python-versions = "*"
version = "3.10.0"

[package.dependencies]
Pillow = "*"
django-cms = ">=3.4.5"
html5lib = ">=0.999999999"

[[package]]
category = "main"
description = "Adds video plugin to django CMS."
name = "djangocms-video"
optional = false
python-versions = "*"
version = "2.3.0"

[package.dependencies]
django-cms = ">=3.4.5"
django-filer = ">=1.2.4"
djangocms-attributes-field = ">=0.4.0"

[[package]]
category = "main"
description = "Easy thumbnails for Django"
name = "easy-thumbnails"
optional = false
python-versions = ">=3.5"
version = "2.7"

[package.dependencies]
django = ">=1.11,<4.0"
pillow = "*"

[[package]]
category = "main"
description = "HTML parser based on the WHATWG HTML specification"
name = "html5lib"
optional = false
python-versions = ">=2.7, !=3.0.*, !=3.1.*, !=3.2.*, !=3.3.*, !=3.4.*"
version = "1.1"

[package.dependencies]
six = ">=1.9"
webencodings = "*"

[package.extras]
all = ["genshi", "chardet (>=2.2)", "lxml"]
chardet = ["chardet (>=2.2)"]
genshi = ["genshi"]
lxml = ["lxml"]

[[package]]
category = "main"
description = "Python Imaging Library (Fork)"
name = "pillow"
optional = false
python-versions = ">=3.5"
version = "7.2.0"

[[package]]
category = "main"
description = "World timezone definitions, modern and historical"
name = "pytz"
optional = false
python-versions = "*"
version = "2020.1"

[[package]]
category = "main"
description = "Python 2 and 3 compatibility utilities"
name = "six"
optional = false
python-versions = ">=2.7, !=3.0.*, !=3.1.*, !=3.2.*"
version = "1.15.0"

[[package]]
category = "main"
description = "Non-validating SQL parser"
name = "sqlparse"
optional = false
python-versions = ">=2.7, !=3.0.*, !=3.1.*, !=3.2.*, !=3.3.*"
version = "0.3.1"

[[package]]
category = "main"
description = "ASCII transliterations of Unicode text"
name = "unidecode"
optional = false
python-versions = ">=2.7, !=3.0.*, !=3.1.*, !=3.2.*, !=3.3.*"
version = "1.1.1"

[[package]]
category = "main"
description = "Character encoding aliases for legacy web content"
name = "webencodings"
optional = false
python-versions = "*"
version = "0.5.1"

[metadata]
content-hash = "b33a78c93f4b0dfc17e8136d69530a2756b825e249aa96d974e792e44e51ba6a"
python-versions = "^3.8"

[metadata.files]
asgiref = [
    {file = "asgiref-3.2.10-py3-none-any.whl", hash = "sha256:9fc6fb5d39b8af147ba40765234fa822b39818b12cc80b35ad9b0cef3a476aed"},
    {file = "asgiref-3.2.10.tar.gz", hash = "sha256:7e51911ee147dd685c3c8b805c0ad0cb58d360987b56953878f8c06d2d1c6f1a"},
]
django = [
    {file = "Django-3.0.9-py3-none-any.whl", hash = "sha256:96fbe04e8ba0df289171e7f6970e0ff8b472bf4f909ed9e0e5beccbac7e1dbbe"},
    {file = "Django-3.0.9.tar.gz", hash = "sha256:c22b4cd8e388f8219dc121f091e53a8701f9f5bca9aa132b5254263cab516215"},
]
django-classy-tags = [
    {file = "django-classy-tags-1.0.0.tar.gz", hash = "sha256:ad6a25fc2b58a098f00d86bd5e5dad47922f5ca4e744bc3cccb7b4be5bc35eb1"},
]
django-cms = [
    {file = "django-cms-3.7.4.tar.gz", hash = "sha256:9374af5a35bac590f1891031fb0878a0e6c2dc5309a6907929c6a036493694f6"},
    {file = "django_cms-3.7.4-py2.py3-none-any.whl", hash = "sha256:9302f0e21153fc9afca55d9c3424ca3654b51d274a1af6ec39f4fbb05059fe46"},
]
django-filer = [
    {file = "django-filer-1.7.1.tar.gz", hash = "sha256:7bf8cda6cbdd02c30198c59dfe2027624ee70a204f2d4f6cc2a0a8563df9b286"},
]
django-formtools = [
    {file = "django-formtools-2.2.tar.gz", hash = "sha256:c5272c03c1cd51b2375abf7397a199a3148a9fbbf2f100e186467a84025d13b2"},
    {file = "django_formtools-2.2-py2.py3-none-any.whl", hash = "sha256:304fa777b8ef9e0693ce7833f885cb89ba46b0e46fc23b01176900a93f46742f"},
]
django-js-asset = [
    {file = "django-js-asset-1.2.2.tar.gz", hash = "sha256:c163ae80d2e0b22d8fb598047cd0dcef31f81830e127cfecae278ad574167260"},
    {file = "django_js_asset-1.2.2-py2.py3-none-any.whl", hash = "sha256:8ec12017f26eec524cab436c64ae73033368a372970af4cf42d9354fcb166bdd"},
]
django-mptt = [
    {file = "django-mptt-0.11.0.tar.gz", hash = "sha256:dfdb3af75ad27cdd4458b0544ec8574174f2b90f99bc2cafab6a15b4bc1895a8"},
    {file = "django_mptt-0.11.0-py2.py3-none-any.whl", hash = "sha256:90eb236eb4f1a92124bd7c37852bbe09c0d21158477cc237556d59842a91c509"},
]
django-polymorphic = [
    {file = "django-polymorphic-2.1.2.tar.gz", hash = "sha256:6e08a76c91066635ccb7ef3ebbe9a0ad149febae6b30be2579716ec16d3c6461"},
    {file = "django_polymorphic-2.1.2-py2.py3-none-any.whl", hash = "sha256:0a25058e95e5e99fe0beeabb8f4734effe242d7b5b77dca416fba9fd3062da6a"},
]
django-sekizai = [
    {file = "django-sekizai-1.1.0.tar.gz", hash = "sha256:e2f6e666d4dd9d3ecc27284acb85ef709e198014f5d5af8c6d54ed04c2d684d9"},
]
django-treebeard = [
    {file = "django-treebeard-4.3.1.tar.gz", hash = "sha256:83aebc34a9f06de7daaec330d858d1c47887e81be3da77e3541fe7368196dd8a"},
]
djangocms-admin-style = [
    {file = "djangocms-admin-style-1.5.0.tar.gz", hash = "sha256:47d9868aa448e593ce90059d6542a4d907c120d357cd0561c586f5557e3ba316"},
]
djangocms-attributes-field = [
    {file = "djangocms-attributes-field-1.2.0.tar.gz", hash = "sha256:33e00b28b2f3cb4d09a1423cb613d1ab467e8df78446a04df77e725ac1db05a4"},
]
djangocms-bootstrap4 = [
    {file = "djangocms-bootstrap4-1.6.0.tar.gz", hash = "sha256:bdd685dcfe1250d83d1709336f9e176c154ecf112043690c06b8b3c6a948fed4"},
]
djangocms-column = [
    {file = "djangocms-column-1.11.0.tar.gz", hash = "sha256:3a763159bc454311aa7e472aca32a2ab2e5070176a3204e17d844e3d548f6c7c"},
    {file = "djangocms_column-1.11.0-py2-none-any.whl", hash = "sha256:1112c787a93474a31dae1cc164b46d282431b8e671514b181d1f216b2d3c1b81"},
]
djangocms-file = [
    {file = "djangocms-file-2.4.0.tar.gz", hash = "sha256:dd5051465d44fa9a3728bac7943c2efc1b806edb316a741b9dbc171a361f27bf"},
]
djangocms-googlemap = [
    {file = "djangocms-googlemap-1.4.0.tar.gz", hash = "sha256:84c350c5c4ee0c6a773d611366d080b79236855033db2b21131652a874a8d155"},
]
djangocms-icon = [
    {file = "djangocms-icon-1.5.0.tar.gz", hash = "sha256:ecca9bc62e2af9e2519b1a4c7ad24cd69bf52bc1d7c4981aa817cfd32e112648"},
]
djangocms-link = [
    {file = "djangocms-link-2.6.1.tar.gz", hash = "sha256:9a1135c815367e74bbc665eb656e34740fd7f0cb862dd5b7754433b32297f789"},
    {file = "djangocms_link-2.6.1-py3-none-any.whl", hash = "sha256:1e14cb0172f04b6f917a383331582095ace61bba1c23207c44e401ef06b2d290"},
]
djangocms-picture = [
    {file = "djangocms-picture-2.4.0.tar.gz", hash = "sha256:91c99716e0d31fee3b4440a8ed55b6c66a015eafdea39a4b51dd0aa3f0576575"},
]
djangocms-snippet = [
    {file = "djangocms-snippet-2.3.0.tar.gz", hash = "sha256:05f8fefac98ba3d4e8de83a863f42648d0ad752cae4edb0243a9a774ab8274c6"},
]
djangocms-style = [
    {file = "djangocms-style-2.3.0.tar.gz", hash = "sha256:8d4a104d94bf0c3637d2675ad15e112fd60e3dba415b3b99e7e1d1f0c23f6b92"},
]
djangocms-text-ckeditor = [
    {file = "djangocms-text-ckeditor-3.10.0.tar.gz", hash = "sha256:905fa0cfbd244fb3a12657f89b083bfb57554ba35f4358972eebc6d78f8d8c3d"},
]
djangocms-video = [
    {file = "djangocms-video-2.3.0.tar.gz", hash = "sha256:5fe8d0ddbe95f61ad0ab6f98c91193825cb1d47751a1885beeb3f153b8e63a22"},
]
easy-thumbnails = [
    {file = "easy-thumbnails-2.7.tar.gz", hash = "sha256:e4e7a0dd4001f56bfd4058428f2c91eafe27d33ef3b8b33ac4e013b159b9ff91"},
]
html5lib = [
    {file = "html5lib-1.1-py2.py3-none-any.whl", hash = "sha256:0d78f8fde1c230e99fe37986a60526d7049ed4bf8a9fadbad5f00e22e58e041d"},
    {file = "html5lib-1.1.tar.gz", hash = "sha256:b2e5b40261e20f354d198eae92afc10d750afb487ed5e50f9c4eaf07c184146f"},
]
pillow = [
    {file = "Pillow-7.2.0-cp35-cp35m-macosx_10_10_intel.whl", hash = "sha256:1ca594126d3c4def54babee699c055a913efb01e106c309fa6b04405d474d5ae"},
    {file = "Pillow-7.2.0-cp35-cp35m-manylinux1_i686.whl", hash = "sha256:c92302a33138409e8f1ad16731568c55c9053eee71bb05b6b744067e1b62380f"},
    {file = "Pillow-7.2.0-cp35-cp35m-manylinux1_x86_64.whl", hash = "sha256:8dad18b69f710bf3a001d2bf3afab7c432785d94fcf819c16b5207b1cfd17d38"},
    {file = "Pillow-7.2.0-cp35-cp35m-manylinux2014_aarch64.whl", hash = "sha256:431b15cffbf949e89df2f7b48528be18b78bfa5177cb3036284a5508159492b5"},
    {file = "Pillow-7.2.0-cp35-cp35m-win32.whl", hash = "sha256:09d7f9e64289cb40c2c8d7ad674b2ed6105f55dc3b09aa8e4918e20a0311e7ad"},
    {file = "Pillow-7.2.0-cp35-cp35m-win_amd64.whl", hash = "sha256:0295442429645fa16d05bd567ef5cff178482439c9aad0411d3f0ce9b88b3a6f"},
    {file = "Pillow-7.2.0-cp36-cp36m-macosx_10_10_x86_64.whl", hash = "sha256:ec29604081f10f16a7aea809ad42e27764188fc258b02259a03a8ff7ded3808d"},
    {file = "Pillow-7.2.0-cp36-cp36m-manylinux1_i686.whl", hash = "sha256:612cfda94e9c8346f239bf1a4b082fdd5c8143cf82d685ba2dba76e7adeeb233"},
    {file = "Pillow-7.2.0-cp36-cp36m-manylinux1_x86_64.whl", hash = "sha256:0a80dd307a5d8440b0a08bd7b81617e04d870e40a3e46a32d9c246e54705e86f"},
    {file = "Pillow-7.2.0-cp36-cp36m-manylinux2014_aarch64.whl", hash = "sha256:06aba4169e78c439d528fdeb34762c3b61a70813527a2c57f0540541e9f433a8"},
    {file = "Pillow-7.2.0-cp36-cp36m-win32.whl", hash = "sha256:f7e30c27477dffc3e85c2463b3e649f751789e0f6c8456099eea7ddd53be4a8a"},
    {file = "Pillow-7.2.0-cp36-cp36m-win_amd64.whl", hash = "sha256:ffe538682dc19cc542ae7c3e504fdf54ca7f86fb8a135e59dd6bc8627eae6cce"},
    {file = "Pillow-7.2.0-cp37-cp37m-macosx_10_10_x86_64.whl", hash = "sha256:94cf49723928eb6070a892cb39d6c156f7b5a2db4e8971cb958f7b6b104fb4c4"},
    {file = "Pillow-7.2.0-cp37-cp37m-manylinux1_i686.whl", hash = "sha256:6edb5446f44d901e8683ffb25ebdfc26988ee813da3bf91e12252b57ac163727"},
    {file = "Pillow-7.2.0-cp37-cp37m-manylinux1_x86_64.whl", hash = "sha256:52125833b070791fcb5710fabc640fc1df07d087fc0c0f02d3661f76c23c5b8b"},
    {file = "Pillow-7.2.0-cp37-cp37m-manylinux2014_aarch64.whl", hash = "sha256:9ad7f865eebde135d526bb3163d0b23ffff365cf87e767c649550964ad72785d"},
    {file = "Pillow-7.2.0-cp37-cp37m-win32.whl", hash = "sha256:c79f9c5fb846285f943aafeafda3358992d64f0ef58566e23484132ecd8d7d63"},
    {file = "Pillow-7.2.0-cp37-cp37m-win_amd64.whl", hash = "sha256:d350f0f2c2421e65fbc62690f26b59b0bcda1b614beb318c81e38647e0f673a1"},
    {file = "Pillow-7.2.0-cp38-cp38-macosx_10_10_x86_64.whl", hash = "sha256:6d7741e65835716ceea0fd13a7d0192961212fd59e741a46bbed7a473c634ed6"},
    {file = "Pillow-7.2.0-cp38-cp38-manylinux1_i686.whl", hash = "sha256:edf31f1150778abd4322444c393ab9c7bd2af271dd4dafb4208fb613b1f3cdc9"},
    {file = "Pillow-7.2.0-cp38-cp38-manylinux1_x86_64.whl", hash = "sha256:d08b23fdb388c0715990cbc06866db554e1822c4bdcf6d4166cf30ac82df8c41"},
    {file = "Pillow-7.2.0-cp38-cp38-manylinux2014_aarch64.whl", hash = "sha256:5e51ee2b8114def244384eda1c82b10e307ad9778dac5c83fb0943775a653cd8"},
    {file = "Pillow-7.2.0-cp38-cp38-win32.whl", hash = "sha256:725aa6cfc66ce2857d585f06e9519a1cc0ef6d13f186ff3447ab6dff0a09bc7f"},
    {file = "Pillow-7.2.0-cp38-cp38-win_amd64.whl", hash = "sha256:a060cf8aa332052df2158e5a119303965be92c3da6f2d93b6878f0ebca80b2f6"},
    {file = "Pillow-7.2.0-pp36-pypy36_pp73-macosx_10_10_x86_64.whl", hash = "sha256:9c87ef410a58dd54b92424ffd7e28fd2ec65d2f7fc02b76f5e9b2067e355ebf6"},
    {file = "Pillow-7.2.0-pp36-pypy36_pp73-manylinux2010_x86_64.whl", hash = "sha256:e901964262a56d9ea3c2693df68bc9860b8bdda2b04768821e4c44ae797de117"},
    {file = "Pillow-7.2.0-pp36-pypy36_pp73-win32.whl", hash = "sha256:25930fadde8019f374400f7986e8404c8b781ce519da27792cbe46eabec00c4d"},
    {file = "Pillow-7.2.0.tar.gz", hash = "sha256:97f9e7953a77d5a70f49b9a48da7776dc51e9b738151b22dacf101641594a626"},
]
pytz = [
    {file = "pytz-2020.1-py2.py3-none-any.whl", hash = "sha256:a494d53b6d39c3c6e44c3bec237336e14305e4f29bbf800b599253057fbb79ed"},
    {file = "pytz-2020.1.tar.gz", hash = "sha256:c35965d010ce31b23eeb663ed3cc8c906275d6be1a34393a1d73a41febf4a048"},
]
six = [
    {file = "six-1.15.0-py2.py3-none-any.whl", hash = "sha256:8b74bedcbbbaca38ff6d7491d76f2b06b3592611af620f8426e82dddb04a5ced"},
    {file = "six-1.15.0.tar.gz", hash = "sha256:30639c035cdb23534cd4aa2dd52c3bf48f06e5f4a941509c8bafd8ce11080259"},
]
sqlparse = [
    {file = "sqlparse-0.3.1-py2.py3-none-any.whl", hash = "sha256:022fb9c87b524d1f7862b3037e541f68597a730a8843245c349fc93e1643dc4e"},
    {file = "sqlparse-0.3.1.tar.gz", hash = "sha256:e162203737712307dfe78860cc56c8da8a852ab2ee33750e33aeadf38d12c548"},
]
unidecode = [
    {file = "Unidecode-1.1.1-py2.py3-none-any.whl", hash = "sha256:1d7a042116536098d05d599ef2b8616759f02985c85b4fef50c78a5aaf10822a"},
    {file = "Unidecode-1.1.1.tar.gz", hash = "sha256:2b6aab710c2a1647e928e36d69c21e76b453cd455f4e2621000e54b2a9b8cce8"},
]
webencodings = [
    {file = "webencodings-0.5.1-py2.py3-none-any.whl", hash = "sha256:a0af1213f3c2226497a97e2b3aa01a7e4bee4f403f95be16fc9acd2947514a78"},
    {file = "webencodings-0.5.1.tar.gz", hash = "sha256:b36a1c245f2d304965eb4e0a82848379241dc04b865afcc4aab16748587e1923"},
]
